
Microsoft Visual Studio Solution File, Format Version 12.00
# Visual Studio 14
VisualStudioVersion = 14.0.25420.1
MinimumVisualStudioVersion = 10.0.40219.1
Project("{FAE04EC0-301F-11D3-BF4B-00C04F79EFBC}") = "Chapter1_Objective1", "Chapter1_Objective1\Chapter1_Objective1.csproj", "{7DA1CB65-A886-493A-A915-7431D9E56864}"
EndProject
Project("{FAE04EC0-301F-11D3-BF4B-00C04F79EFBC}") = "Chapter1_Objective2", "Chapter1_Objective2\Chapter1_Objective2.csproj", "{74B94F36-C2CE-41ED-A185-6E0F55E14001}"
EndProject
Project("{FAE04EC0-301F-11D3-BF4B-00C04F79EFBC}") = "Chapter1_Objective3", "Chapter1_Objective3\Chapter1_Objective3.csproj", "{18871CDB-A095-4A30-A3D3-C55D692699AD}"
EndProject
Project("{FAE04EC0-301F-11D3-BF4B-00C04F79EFBC}") = "Chapter1_Objective4", "Chapter1_Objective4\Chapter1_Objective4.csproj", "{DBF082B5-728B-49FB-B6B6-94988A589777}"
EndProject
Global
	GlobalSection(SolutionConfigurationPlatforms) = preSolution
		Debug|Any CPU = Debug|Any CPU
		Release|Any CPU = Release|Any CPU
	EndGlobalSection
	GlobalSection(ProjectConfigurationPlatforms) = postSolution
		{7DA1CB65-A886-493A-A915-7431D9E56864}.Debug|Any CPU.ActiveCfg = Debug|Any CPU
		{7DA1CB65-A886-493A-A915-7431D9E56864}.Debug|Any CPU.Build.0 = Debug|Any CPU
		{7DA1CB65-A886-493A-A915-7431D9E56864}.Release|Any CPU.ActiveCfg = Release|Any CPU
		{7DA1CB65-A886-493A-A915-7431D9E56864}.Release|Any CPU.Build.0 = Release|Any CPU
		{74B94F36-C2CE-41ED-A185-6E0F55E14001}.Debug|Any CPU.ActiveCfg = Debug|Any CPU
		{74B94F36-C2CE-41ED-A185-6E0F55E14001}.Debug|Any CPU.Build.0 = Debug|Any CPU
		{74B94F36-C2CE-41ED-A185-6E0F55E14001}.Release|Any CPU.ActiveCfg = Release|Any CPU
		{74B94F36-C2CE-41ED-A185-6E0F55E14001}.Release|Any CPU.Build.0 = Release|Any CPU
		{18871CDB-A095-4A30-A3D3-C55D692699AD}.Debug|Any CPU.ActiveCfg = Debug|Any CPU
		{18871CDB-A095-4A30-A3D3-C55D692699AD}.Debug|Any CPU.Build.0 = Debug|Any CPU
		{18871CDB-A095-4A30-A3D3-C55D692699AD}.Release|Any CPU.ActiveCfg = Release|Any CPU
		{18871CDB-A095-4A30-A3D3-C55D692699AD}.Release|Any CPU.Build.0 = Release|Any CPU
		{DBF082B5-728B-49FB-B6B6-94988A589777}.Debug|Any CPU.ActiveCfg = Debug|Any CPU
		{DBF082B5-728B-49FB-B6B6-94988A589777}.Debug|Any CPU.Build.0 = Debug|Any CPU
		{DBF082B5-728B-49FB-B6B6-94988A589777}.Release|Any CPU.ActiveCfg = Release|Any CPU
		{DBF082B5-728B-49FB-B6B6-94988A589777}.Release|Any CPU.Build.0 = Release|Any CPU
	EndGlobalSection
	GlobalSection(SolutionProperties) = preSolution
		HideSolutionNode = FALSE
	EndGlobalSection
EndGlobal
